// !$*UTF8*$!
{
	archiveVersion = 1;
	classes = {
	};
	objectVersion = 55;
	objects = {

/* Begin PBXBuildFile section */
		281C5E823F6D5C2D3C6B0C8A /* Pods_CapstoneTests.framework in Frameworks */ = {isa = PBXBuildFile; fileRef = ECC90A25362ACDC45A2D613D /* Pods_CapstoneTests.framework */; };
		7BC22ADB76F500494C3E16C6 /* Pods_Capstone_CapstoneUITests.framework in Frameworks */ = {isa = PBXBuildFile; fileRef = 511C5CEE66DA1C120E7C5E58 /* Pods_Capstone_CapstoneUITests.framework */; };
		D91B18552877944500FA423B /* College.m in Sources */ = {isa = PBXBuildFile; fileRef = D91B18542877944500FA423B /* College.m */; };
		D91B185C28779E2E00FA423B /* NewsViewController.m in Sources */ = {isa = PBXBuildFile; fileRef = D91B185B28779E2E00FA423B /* NewsViewController.m */; };
		D91B185F2877B02B00FA423B /* NewsCell.m in Sources */ = {isa = PBXBuildFile; fileRef = D91B185E2877B02B00FA423B /* NewsCell.m */; };
		D92D11C52880E663000BB730 /* MapKit.framework in Frameworks */ = {isa = PBXBuildFile; fileRef = D92D11C42880E663000BB730 /* MapKit.framework */; };
		D92D11C9288119D9000BB730 /* AutocorrectFunctions.m in Sources */ = {isa = PBXBuildFile; fileRef = D92D11C8288119D9000BB730 /* AutocorrectFunctions.m */; };
		D93D12C62897321100610C9F /* NewsDetailsViewController.m in Sources */ = {isa = PBXBuildFile; fileRef = D93D12C52897321100610C9F /* NewsDetailsViewController.m */; };
		D945E1D328718497005FFE04 /* AppDelegate.m in Sources */ = {isa = PBXBuildFile; fileRef = D945E1D228718497005FFE04 /* AppDelegate.m */; };
		D945E1D628718497005FFE04 /* SceneDelegate.m in Sources */ = {isa = PBXBuildFile; fileRef = D945E1D528718497005FFE04 /* SceneDelegate.m */; };
		D945E1DC28718497005FFE04 /* Main.storyboard in Resources */ = {isa = PBXBuildFile; fileRef = D945E1DA28718497005FFE04 /* Main.storyboard */; };
		D945E1DE28718497005FFE04 /* Assets.xcassets in Resources */ = {isa = PBXBuildFile; fileRef = D945E1DD28718497005FFE04 /* Assets.xcassets */; };
		D945E1E128718497005FFE04 /* LaunchScreen.storyboard in Resources */ = {isa = PBXBuildFile; fileRef = D945E1DF28718497005FFE04 /* LaunchScreen.storyboard */; };
		D945E1E428718497005FFE04 /* main.m in Sources */ = {isa = PBXBuildFile; fileRef = D945E1E328718497005FFE04 /* main.m */; };
		D945E1EE28718498005FFE04 /* CapstoneTests.m in Sources */ = {isa = PBXBuildFile; fileRef = D945E1ED28718498005FFE04 /* CapstoneTests.m */; };
		D945E1F828718498005FFE04 /* CapstoneUITests.m in Sources */ = {isa = PBXBuildFile; fileRef = D945E1F728718498005FFE04 /* CapstoneUITests.m */; };
		D945E1FA28718498005FFE04 /* CapstoneUITestsLaunchTests.m in Sources */ = {isa = PBXBuildFile; fileRef = D945E1F928718498005FFE04 /* CapstoneUITestsLaunchTests.m */; };
		D945E20A287188C7005FFE04 /* LoginViewController.m in Sources */ = {isa = PBXBuildFile; fileRef = D945E209287188C7005FFE04 /* LoginViewController.m */; };
		D945E20D287188F6005FFE04 /* AccountViewController.m in Sources */ = {isa = PBXBuildFile; fileRef = D945E20C287188F6005FFE04 /* AccountViewController.m */; };
		D94C5B872872B2E800BE7FDD /* RegistrationViewController.m in Sources */ = {isa = PBXBuildFile; fileRef = D94C5B862872B2E800BE7FDD /* RegistrationViewController.m */; };
		D9539283287CC1E800207CC6 /* MatchCell.m in Sources */ = {isa = PBXBuildFile; fileRef = D9539282287CC1E800207CC6 /* MatchCell.m */; };
		D9539289287E181A00207CC6 /* SettingsTableViewController.m in Sources */ = {isa = PBXBuildFile; fileRef = D9539288287E181A00207CC6 /* SettingsTableViewController.m */; };
		D953928F287E327D00207CC6 /* CommentCell.m in Sources */ = {isa = PBXBuildFile; fileRef = D953928E287E327D00207CC6 /* CommentCell.m */; };
		D95891DE289886C100D6E5D4 /* Translate.m in Sources */ = {isa = PBXBuildFile; fileRef = D95891DD289886C100D6E5D4 /* Translate.m */; };
		D97795B4287E9340003F9A45 /* LikeViewController.m in Sources */ = {isa = PBXBuildFile; fileRef = D97795B3287E9340003F9A45 /* LikeViewController.m */; };
		D97795B8287E936F003F9A45 /* LikeCell.m in Sources */ = {isa = PBXBuildFile; fileRef = D97795B7287E936F003F9A45 /* LikeCell.m */; };
		D9784FA3287404C90056DD78 /* HomeViewController.m in Sources */ = {isa = PBXBuildFile; fileRef = D9784FA2287404C90056DD78 /* HomeViewController.m */; };
		D9784FAA2874B1190056DD78 /* HomeCell.m in Sources */ = {isa = PBXBuildFile; fileRef = D9784FA92874B1190056DD78 /* HomeCell.m */; };
		D9784FAD2874B5F90056DD78 /* APIManager.m in Sources */ = {isa = PBXBuildFile; fileRef = D9784FAC2874B5F90056DD78 /* APIManager.m */; };
		D9784FB0287507150056DD78 /* DetailsViewController.m in Sources */ = {isa = PBXBuildFile; fileRef = D9784FAF287507150056DD78 /* DetailsViewController.m */; };
		D97A1FAC287B8609004B8893 /* CollegeNews.m in Sources */ = {isa = PBXBuildFile; fileRef = D97A1FAB287B8609004B8893 /* CollegeNews.m */; };
		D97A1FAF287BC277004B8893 /* MatchViewController.m in Sources */ = {isa = PBXBuildFile; fileRef = D97A1FAE287BC277004B8893 /* MatchViewController.m */; };
		D98A9C3F28870E3D009D4C74 /* CoreLocation.framework in Frameworks */ = {isa = PBXBuildFile; fileRef = D98A9C3E28870E3D009D4C74 /* CoreLocation.framework */; };
		D9900A8E288B513000BFFB20 /* ParseCollege.m in Sources */ = {isa = PBXBuildFile; fileRef = D9900A8D288B513000BFFB20 /* ParseCollege.m */; };
		D9F6FA692887EAFB009AF63A /* LongDetailsViewController.m in Sources */ = {isa = PBXBuildFile; fileRef = D9F6FA682887EAFB009AF63A /* LongDetailsViewController.m */; };
		D9F6FA6C2889EDBE009AF63A /* Comment.m in Sources */ = {isa = PBXBuildFile; fileRef = D9F6FA6B2889EDBE009AF63A /* Comment.m */; };
/* End PBXBuildFile section */

/* Begin PBXContainerItemProxy section */
		D945E1EA28718498005FFE04 /* PBXContainerItemProxy */ = {
			isa = PBXContainerItemProxy;
			containerPortal = D945E1C628718497005FFE04 /* Project object */;
			proxyType = 1;
			remoteGlobalIDString = D945E1CD28718497005FFE04;
			remoteInfo = Capstone;
		};
		D945E1F428718498005FFE04 /* PBXContainerItemProxy */ = {
			isa = PBXContainerItemProxy;
			containerPortal = D945E1C628718497005FFE04 /* Project object */;
			proxyType = 1;
			remoteGlobalIDString = D945E1CD28718497005FFE04;
			remoteInfo = Capstone;
		};
/* End PBXContainerItemProxy section */

/* Begin PBXFileReference section */
		38D1007E0FDD9A17635C488A /* Pods-CapstoneTests.debug.xcconfig */ = {isa = PBXFileReference; includeInIndex = 1; lastKnownFileType = text.xcconfig; name = "Pods-CapstoneTests.debug.xcconfig"; path = "Target Support Files/Pods-CapstoneTests/Pods-CapstoneTests.debug.xcconfig"; sourceTree = "<group>"; };
		511C5CEE66DA1C120E7C5E58 /* Pods_Capstone_CapstoneUITests.framework */ = {isa = PBXFileReference; explicitFileType = wrapper.framework; includeInIndex = 0; path = Pods_Capstone_CapstoneUITests.framework; sourceTree = BUILT_PRODUCTS_DIR; };
		71F99B8253DCEE786DD95960 /* Pods-Capstone.release.xcconfig */ = {isa = PBXFileReference; includeInIndex = 1; lastKnownFileType = text.xcconfig; name = "Pods-Capstone.release.xcconfig"; path = "Target Support Files/Pods-Capstone/Pods-Capstone.release.xcconfig"; sourceTree = "<group>"; };
		752E8D0A5BA7DA688A2A342D /* Pods-Capstone.debug.xcconfig */ = {isa = PBXFileReference; includeInIndex = 1; lastKnownFileType = text.xcconfig; name = "Pods-Capstone.debug.xcconfig"; path = "Target Support Files/Pods-Capstone/Pods-Capstone.debug.xcconfig"; sourceTree = "<group>"; };
		9786EA9C0FA224742E8EDC36 /* Pods-Capstone-CapstoneUITests.debug.xcconfig */ = {isa = PBXFileReference; includeInIndex = 1; lastKnownFileType = text.xcconfig; name = "Pods-Capstone-CapstoneUITests.debug.xcconfig"; path = "Target Support Files/Pods-Capstone-CapstoneUITests/Pods-Capstone-CapstoneUITests.debug.xcconfig"; sourceTree = "<group>"; };
		B06969A7ABDB31DB5CD1D963 /* Pods-CapstoneTests.release.xcconfig */ = {isa = PBXFileReference; includeInIndex = 1; lastKnownFileType = text.xcconfig; name = "Pods-CapstoneTests.release.xcconfig"; path = "Target Support Files/Pods-CapstoneTests/Pods-CapstoneTests.release.xcconfig"; sourceTree = "<group>"; };
		D91B18532877944500FA423B /* College.h */ = {isa = PBXFileReference; lastKnownFileType = sourcecode.c.h; path = College.h; sourceTree = "<group>"; };
		D91B18542877944500FA423B /* College.m */ = {isa = PBXFileReference; lastKnownFileType = sourcecode.c.objc; path = College.m; sourceTree = "<group>"; };
		D91B185A28779E2E00FA423B /* NewsViewController.h */ = {isa = PBXFileReference; lastKnownFileType = sourcecode.c.h; path = NewsViewController.h; sourceTree = "<group>"; };
		D91B185B28779E2E00FA423B /* NewsViewController.m */ = {isa = PBXFileReference; lastKnownFileType = sourcecode.c.objc; path = NewsViewController.m; sourceTree = "<group>"; };
		D91B185D2877B02B00FA423B /* NewsCell.h */ = {isa = PBXFileReference; lastKnownFileType = sourcecode.c.h; path = NewsCell.h; sourceTree = "<group>"; };
		D91B185E2877B02B00FA423B /* NewsCell.m */ = {isa = PBXFileReference; lastKnownFileType = sourcecode.c.objc; path = NewsCell.m; sourceTree = "<group>"; };
		D92D11C42880E663000BB730 /* MapKit.framework */ = {isa = PBXFileReference; lastKnownFileType = wrapper.framework; name = MapKit.framework; path = System/Library/Frameworks/MapKit.framework; sourceTree = SDKROOT; };
		D92D11C7288119D9000BB730 /* AutocorrectFunctions.h */ = {isa = PBXFileReference; lastKnownFileType = sourcecode.c.h; path = AutocorrectFunctions.h; sourceTree = "<group>"; };
		D92D11C8288119D9000BB730 /* AutocorrectFunctions.m */ = {isa = PBXFileReference; lastKnownFileType = sourcecode.c.objc; path = AutocorrectFunctions.m; sourceTree = "<group>"; };
		D93D12C42897321100610C9F /* NewsDetailsViewController.h */ = {isa = PBXFileReference; lastKnownFileType = sourcecode.c.h; path = NewsDetailsViewController.h; sourceTree = "<group>"; };
		D93D12C52897321100610C9F /* NewsDetailsViewController.m */ = {isa = PBXFileReference; lastKnownFileType = sourcecode.c.objc; path = NewsDetailsViewController.m; sourceTree = "<group>"; };
		D945E1CE28718497005FFE04 /* Capstone.app */ = {isa = PBXFileReference; explicitFileType = wrapper.application; includeInIndex = 0; path = Capstone.app; sourceTree = BUILT_PRODUCTS_DIR; };
		D945E1D128718497005FFE04 /* AppDelegate.h */ = {isa = PBXFileReference; lastKnownFileType = sourcecode.c.h; path = AppDelegate.h; sourceTree = "<group>"; };
		D945E1D228718497005FFE04 /* AppDelegate.m */ = {isa = PBXFileReference; lastKnownFileType = sourcecode.c.objc; path = AppDelegate.m; sourceTree = "<group>"; };
		D945E1D428718497005FFE04 /* SceneDelegate.h */ = {isa = PBXFileReference; lastKnownFileType = sourcecode.c.h; path = SceneDelegate.h; sourceTree = "<group>"; };
		D945E1D528718497005FFE04 /* SceneDelegate.m */ = {isa = PBXFileReference; lastKnownFileType = sourcecode.c.objc; path = SceneDelegate.m; sourceTree = "<group>"; };
		D945E1DB28718497005FFE04 /* Base */ = {isa = PBXFileReference; lastKnownFileType = file.storyboard; name = Base; path = Base.lproj/Main.storyboard; sourceTree = "<group>"; };
		D945E1DD28718497005FFE04 /* Assets.xcassets */ = {isa = PBXFileReference; lastKnownFileType = folder.assetcatalog; path = Assets.xcassets; sourceTree = "<group>"; };
		D945E1E028718497005FFE04 /* Base */ = {isa = PBXFileReference; lastKnownFileType = file.storyboard; name = Base; path = Base.lproj/LaunchScreen.storyboard; sourceTree = "<group>"; };
		D945E1E228718497005FFE04 /* Info.plist */ = {isa = PBXFileReference; lastKnownFileType = text.plist.xml; path = Info.plist; sourceTree = "<group>"; };
		D945E1E328718497005FFE04 /* main.m */ = {isa = PBXFileReference; lastKnownFileType = sourcecode.c.objc; path = main.m; sourceTree = "<group>"; };
		D945E1E928718498005FFE04 /* CapstoneTests.xctest */ = {isa = PBXFileReference; explicitFileType = wrapper.cfbundle; includeInIndex = 0; path = CapstoneTests.xctest; sourceTree = BUILT_PRODUCTS_DIR; };
		D945E1ED28718498005FFE04 /* CapstoneTests.m */ = {isa = PBXFileReference; lastKnownFileType = sourcecode.c.objc; path = CapstoneTests.m; sourceTree = "<group>"; };
		D945E1F328718498005FFE04 /* CapstoneUITests.xctest */ = {isa = PBXFileReference; explicitFileType = wrapper.cfbundle; includeInIndex = 0; path = CapstoneUITests.xctest; sourceTree = BUILT_PRODUCTS_DIR; };
		D945E1F728718498005FFE04 /* CapstoneUITests.m */ = {isa = PBXFileReference; lastKnownFileType = sourcecode.c.objc; path = CapstoneUITests.m; sourceTree = "<group>"; };
		D945E1F928718498005FFE04 /* CapstoneUITestsLaunchTests.m */ = {isa = PBXFileReference; lastKnownFileType = sourcecode.c.objc; path = CapstoneUITestsLaunchTests.m; sourceTree = "<group>"; };
		D945E208287188C7005FFE04 /* LoginViewController.h */ = {isa = PBXFileReference; lastKnownFileType = sourcecode.c.h; path = LoginViewController.h; sourceTree = "<group>"; };
		D945E209287188C7005FFE04 /* LoginViewController.m */ = {isa = PBXFileReference; lastKnownFileType = sourcecode.c.objc; path = LoginViewController.m; sourceTree = "<group>"; };
		D945E20B287188F6005FFE04 /* AccountViewController.h */ = {isa = PBXFileReference; lastKnownFileType = sourcecode.c.h; path = AccountViewController.h; sourceTree = "<group>"; };
		D945E20C287188F6005FFE04 /* AccountViewController.m */ = {isa = PBXFileReference; lastKnownFileType = sourcecode.c.objc; path = AccountViewController.m; sourceTree = "<group>"; };
		D94C5B852872B2E800BE7FDD /* RegistrationViewController.h */ = {isa = PBXFileReference; lastKnownFileType = sourcecode.c.h; path = RegistrationViewController.h; sourceTree = "<group>"; };
		D94C5B862872B2E800BE7FDD /* RegistrationViewController.m */ = {isa = PBXFileReference; lastKnownFileType = sourcecode.c.objc; path = RegistrationViewController.m; sourceTree = "<group>"; };
		D9539281287CC1E800207CC6 /* MatchCell.h */ = {isa = PBXFileReference; lastKnownFileType = sourcecode.c.h; path = MatchCell.h; sourceTree = "<group>"; };
		D9539282287CC1E800207CC6 /* MatchCell.m */ = {isa = PBXFileReference; lastKnownFileType = sourcecode.c.objc; path = MatchCell.m; sourceTree = "<group>"; };
		D9539287287E181A00207CC6 /* SettingsTableViewController.h */ = {isa = PBXFileReference; lastKnownFileType = sourcecode.c.h; path = SettingsTableViewController.h; sourceTree = "<group>"; };
		D9539288287E181A00207CC6 /* SettingsTableViewController.m */ = {isa = PBXFileReference; lastKnownFileType = sourcecode.c.objc; path = SettingsTableViewController.m; sourceTree = "<group>"; };
		D953928D287E327D00207CC6 /* CommentCell.h */ = {isa = PBXFileReference; lastKnownFileType = sourcecode.c.h; path = CommentCell.h; sourceTree = "<group>"; };
		D953928E287E327D00207CC6 /* CommentCell.m */ = {isa = PBXFileReference; lastKnownFileType = sourcecode.c.objc; path = CommentCell.m; sourceTree = "<group>"; };
		D95891DC289886C100D6E5D4 /* Translate.h */ = {isa = PBXFileReference; lastKnownFileType = sourcecode.c.h; path = Translate.h; sourceTree = "<group>"; };
		D95891DD289886C100D6E5D4 /* Translate.m */ = {isa = PBXFileReference; lastKnownFileType = sourcecode.c.objc; path = Translate.m; sourceTree = "<group>"; };
		D97795B2287E9340003F9A45 /* LikeViewController.h */ = {isa = PBXFileReference; lastKnownFileType = sourcecode.c.h; path = LikeViewController.h; sourceTree = "<group>"; };
		D97795B3287E9340003F9A45 /* LikeViewController.m */ = {isa = PBXFileReference; lastKnownFileType = sourcecode.c.objc; path = LikeViewController.m; sourceTree = "<group>"; };
		D97795B6287E936F003F9A45 /* LikeCell.h */ = {isa = PBXFileReference; lastKnownFileType = sourcecode.c.h; path = LikeCell.h; sourceTree = "<group>"; };
		D97795B7287E936F003F9A45 /* LikeCell.m */ = {isa = PBXFileReference; lastKnownFileType = sourcecode.c.objc; path = LikeCell.m; sourceTree = "<group>"; };
		D9784FA1287404C90056DD78 /* HomeViewController.h */ = {isa = PBXFileReference; lastKnownFileType = sourcecode.c.h; path = HomeViewController.h; sourceTree = "<group>"; };
		D9784FA2287404C90056DD78 /* HomeViewController.m */ = {isa = PBXFileReference; lastKnownFileType = sourcecode.c.objc; path = HomeViewController.m; sourceTree = "<group>"; };
		D9784FA82874B1190056DD78 /* HomeCell.h */ = {isa = PBXFileReference; lastKnownFileType = sourcecode.c.h; path = HomeCell.h; sourceTree = "<group>"; };
		D9784FA92874B1190056DD78 /* HomeCell.m */ = {isa = PBXFileReference; lastKnownFileType = sourcecode.c.objc; path = HomeCell.m; sourceTree = "<group>"; };
		D9784FAB2874B5F90056DD78 /* APIManager.h */ = {isa = PBXFileReference; lastKnownFileType = sourcecode.c.h; path = APIManager.h; sourceTree = "<group>"; };
		D9784FAC2874B5F90056DD78 /* APIManager.m */ = {isa = PBXFileReference; lastKnownFileType = sourcecode.c.objc; path = APIManager.m; sourceTree = "<group>"; };
		D9784FAE287507150056DD78 /* DetailsViewController.h */ = {isa = PBXFileReference; lastKnownFileType = sourcecode.c.h; path = DetailsViewController.h; sourceTree = "<group>"; };
		D9784FAF287507150056DD78 /* DetailsViewController.m */ = {isa = PBXFileReference; lastKnownFileType = sourcecode.c.objc; path = DetailsViewController.m; sourceTree = "<group>"; };
		D97A1FAA287B8609004B8893 /* CollegeNews.h */ = {isa = PBXFileReference; lastKnownFileType = sourcecode.c.h; path = CollegeNews.h; sourceTree = "<group>"; };
		D97A1FAB287B8609004B8893 /* CollegeNews.m */ = {isa = PBXFileReference; lastKnownFileType = sourcecode.c.objc; path = CollegeNews.m; sourceTree = "<group>"; };
		D97A1FAD287BC277004B8893 /* MatchViewController.h */ = {isa = PBXFileReference; lastKnownFileType = sourcecode.c.h; path = MatchViewController.h; sourceTree = "<group>"; };
		D97A1FAE287BC277004B8893 /* MatchViewController.m */ = {isa = PBXFileReference; lastKnownFileType = sourcecode.c.objc; path = MatchViewController.m; sourceTree = "<group>"; };
		D98A9C3E28870E3D009D4C74 /* CoreLocation.framework */ = {isa = PBXFileReference; lastKnownFileType = wrapper.framework; name = CoreLocation.framework; path = System/Library/Frameworks/CoreLocation.framework; sourceTree = SDKROOT; };
		D9900A8C288B513000BFFB20 /* ParseCollege.h */ = {isa = PBXFileReference; lastKnownFileType = sourcecode.c.h; path = ParseCollege.h; sourceTree = "<group>"; };
		D9900A8D288B513000BFFB20 /* ParseCollege.m */ = {isa = PBXFileReference; lastKnownFileType = sourcecode.c.objc; path = ParseCollege.m; sourceTree = "<group>"; };
		D9F6FA672887EAFB009AF63A /* LongDetailsViewController.h */ = {isa = PBXFileReference; lastKnownFileType = sourcecode.c.h; path = LongDetailsViewController.h; sourceTree = "<group>"; };
		D9F6FA682887EAFB009AF63A /* LongDetailsViewController.m */ = {isa = PBXFileReference; lastKnownFileType = sourcecode.c.objc; path = LongDetailsViewController.m; sourceTree = "<group>"; };
		D9F6FA6A2889EDBE009AF63A /* Comment.h */ = {isa = PBXFileReference; lastKnownFileType = sourcecode.c.h; path = Comment.h; sourceTree = "<group>"; };
		D9F6FA6B2889EDBE009AF63A /* Comment.m */ = {isa = PBXFileReference; lastKnownFileType = sourcecode.c.objc; path = Comment.m; sourceTree = "<group>"; };
		E7F7413D8AFD3D6D22A971FA /* Pods_Capstone.framework */ = {isa = PBXFileReference; explicitFileType = wrapper.framework; includeInIndex = 0; path = Pods_Capstone.framework; sourceTree = BUILT_PRODUCTS_DIR; };
		ECC90A25362ACDC45A2D613D /* Pods_CapstoneTests.framework */ = {isa = PBXFileReference; explicitFileType = wrapper.framework; includeInIndex = 0; path = Pods_CapstoneTests.framework; sourceTree = BUILT_PRODUCTS_DIR; };
		F72102A915011E4B317643EB /* Pods-Capstone-CapstoneUITests.release.xcconfig */ = {isa = PBXFileReference; includeInIndex = 1; lastKnownFileType = text.xcconfig; name = "Pods-Capstone-CapstoneUITests.release.xcconfig"; path = "Target Support Files/Pods-Capstone-CapstoneUITests/Pods-Capstone-CapstoneUITests.release.xcconfig"; sourceTree = "<group>"; };
/* End PBXFileReference section */

/* Begin PBXFrameworksBuildPhase section */
		D945E1CB28718497005FFE04 /* Frameworks */ = {
			isa = PBXFrameworksBuildPhase;
			buildActionMask = 2147483647;
			files = (
				D98A9C3F28870E3D009D4C74 /* CoreLocation.framework in Frameworks */,
				D92D11C52880E663000BB730 /* MapKit.framework in Frameworks */,
			);
			runOnlyForDeploymentPostprocessing = 0;
		};
		D945E1E628718498005FFE04 /* Frameworks */ = {
			isa = PBXFrameworksBuildPhase;
			buildActionMask = 2147483647;
			files = (
				281C5E823F6D5C2D3C6B0C8A /* Pods_CapstoneTests.framework in Frameworks */,
			);
			runOnlyForDeploymentPostprocessing = 0;
		};
		D945E1F028718498005FFE04 /* Frameworks */ = {
			isa = PBXFrameworksBuildPhase;
			buildActionMask = 2147483647;
			files = (
				7BC22ADB76F500494C3E16C6 /* Pods_Capstone_CapstoneUITests.framework in Frameworks */,
			);
			runOnlyForDeploymentPostprocessing = 0;
		};
/* End PBXFrameworksBuildPhase section */

/* Begin PBXGroup section */
		D6B7E291464805F12E6D53ED /* Pods */ = {
			isa = PBXGroup;
			children = (
				752E8D0A5BA7DA688A2A342D /* Pods-Capstone.debug.xcconfig */,
				71F99B8253DCEE786DD95960 /* Pods-Capstone.release.xcconfig */,
				9786EA9C0FA224742E8EDC36 /* Pods-Capstone-CapstoneUITests.debug.xcconfig */,
				F72102A915011E4B317643EB /* Pods-Capstone-CapstoneUITests.release.xcconfig */,
				38D1007E0FDD9A17635C488A /* Pods-CapstoneTests.debug.xcconfig */,
				B06969A7ABDB31DB5CD1D963 /* Pods-CapstoneTests.release.xcconfig */,
			);
			path = Pods;
			sourceTree = "<group>";
		};
		D91B18562877944C00FA423B /* Models */ = {
			isa = PBXGroup;
			children = (
				D91B18532877944500FA423B /* College.h */,
				D91B18542877944500FA423B /* College.m */,
				D97A1FAA287B8609004B8893 /* CollegeNews.h */,
				D97A1FAB287B8609004B8893 /* CollegeNews.m */,
				D9F6FA6A2889EDBE009AF63A /* Comment.h */,
				D9F6FA6B2889EDBE009AF63A /* Comment.m */,
				D9900A8C288B513000BFFB20 /* ParseCollege.h */,
				D9900A8D288B513000BFFB20 /* ParseCollege.m */,
			);
			path = Models;
			sourceTree = "<group>";
		};
		D91B18602877BAB100FA423B /* Authentication */ = {
			isa = PBXGroup;
			children = (
				D945E208287188C7005FFE04 /* LoginViewController.h */,
				D945E209287188C7005FFE04 /* LoginViewController.m */,
				D94C5B852872B2E800BE7FDD /* RegistrationViewController.h */,
				D94C5B862872B2E800BE7FDD /* RegistrationViewController.m */,
			);
			path = Authentication;
			sourceTree = "<group>";
		};
		D91B18612877BB0700FA423B /* Feed */ = {
			isa = PBXGroup;
			children = (
				D9784FA82874B1190056DD78 /* HomeCell.h */,
				D9784FA92874B1190056DD78 /* HomeCell.m */,
				D9784FA1287404C90056DD78 /* HomeViewController.h */,
				D9784FA2287404C90056DD78 /* HomeViewController.m */,
			);
			path = Feed;
			sourceTree = "<group>";
		};
		D91B18622877BCBB00FA423B /* Profile */ = {
			isa = PBXGroup;
			children = (
				D945E20B287188F6005FFE04 /* AccountViewController.h */,
				D945E20C287188F6005FFE04 /* AccountViewController.m */,
			);
			path = Profile;
			sourceTree = "<group>";
		};
		D92D11C62880EBCC000BB730 /* Autocorrect */ = {
			isa = PBXGroup;
			children = (
				D92D11C7288119D9000BB730 /* AutocorrectFunctions.h */,
				D92D11C8288119D9000BB730 /* AutocorrectFunctions.m */,
			);
			path = Autocorrect;
			sourceTree = "<group>";
		};
		D945E1C528718497005FFE04 = {
			isa = PBXGroup;
			children = (
				D945E1D028718497005FFE04 /* Capstone */,
				D945E1EC28718498005FFE04 /* CapstoneTests */,
				D945E1F628718498005FFE04 /* CapstoneUITests */,
				D945E1CF28718497005FFE04 /* Products */,
				D6B7E291464805F12E6D53ED /* Pods */,
				E3BD99B36C5AE25D9714456D /* Frameworks */,
			);
			sourceTree = "<group>";
		};
		D945E1CF28718497005FFE04 /* Products */ = {
			isa = PBXGroup;
			children = (
				D945E1CE28718497005FFE04 /* Capstone.app */,
				D945E1E928718498005FFE04 /* CapstoneTests.xctest */,
				D945E1F328718498005FFE04 /* CapstoneUITests.xctest */,
			);
			name = Products;
			sourceTree = "<group>";
		};
		D945E1D028718497005FFE04 /* Capstone */ = {
			isa = PBXGroup;
			children = (
				D95891DB289886A000D6E5D4 /* Translating  */,
				D92D11C62880EBCC000BB730 /* Autocorrect */,
				D97795B5287E9347003F9A45 /* Like View */,
				D9539290287E56EB00207CC6 /* Settings View */,
				D9539280287C986E00207CC6 /* Match View */,
				D91B18622877BCBB00FA423B /* Profile */,
				D91B18612877BB0700FA423B /* Feed */,
				D91B18602877BAB100FA423B /* Authentication */,
				D91B18562877944C00FA423B /* Models */,
				D9784FB12875EE7E0056DD78 /* API */,
				D9784FA72874B0F20056DD78 /* News */,
				D9784FA62874B0D90056DD78 /* Detail View */,
				D945E1D128718497005FFE04 /* AppDelegate.h */,
				D945E1D228718497005FFE04 /* AppDelegate.m */,
				D945E1D428718497005FFE04 /* SceneDelegate.h */,
				D945E1D528718497005FFE04 /* SceneDelegate.m */,
				D945E1DA28718497005FFE04 /* Main.storyboard */,
				D945E1DD28718497005FFE04 /* Assets.xcassets */,
				D945E1DF28718497005FFE04 /* LaunchScreen.storyboard */,
				D945E1E228718497005FFE04 /* Info.plist */,
				D945E1E328718497005FFE04 /* main.m */,
			);
			path = Capstone;
			sourceTree = "<group>";
		};
		D945E1EC28718498005FFE04 /* CapstoneTests */ = {
			isa = PBXGroup;
			children = (
				D945E1ED28718498005FFE04 /* CapstoneTests.m */,
			);
			path = CapstoneTests;
			sourceTree = "<group>";
		};
		D945E1F628718498005FFE04 /* CapstoneUITests */ = {
			isa = PBXGroup;
			children = (
				D945E1F728718498005FFE04 /* CapstoneUITests.m */,
				D945E1F928718498005FFE04 /* CapstoneUITestsLaunchTests.m */,
			);
			path = CapstoneUITests;
			sourceTree = "<group>";
		};
		D9539280287C986E00207CC6 /* Match View */ = {
			isa = PBXGroup;
			children = (
				D97A1FAD287BC277004B8893 /* MatchViewController.h */,
				D97A1FAE287BC277004B8893 /* MatchViewController.m */,
				D9539281287CC1E800207CC6 /* MatchCell.h */,
				D9539282287CC1E800207CC6 /* MatchCell.m */,
			);
			path = "Match View";
			sourceTree = "<group>";
		};
		D9539290287E56EB00207CC6 /* Settings View */ = {
			isa = PBXGroup;
			children = (
				D9539287287E181A00207CC6 /* SettingsTableViewController.h */,
				D9539288287E181A00207CC6 /* SettingsTableViewController.m */,
			);
			path = "Settings View";
			sourceTree = "<group>";
		};
		D95891DB289886A000D6E5D4 /* Translating  */ = {
			isa = PBXGroup;
			children = (
				D95891DC289886C100D6E5D4 /* Translate.h */,
				D95891DD289886C100D6E5D4 /* Translate.m */,
			);
			path = "Translating ";
			sourceTree = "<group>";
		};
		D97795B5287E9347003F9A45 /* Like View */ = {
			isa = PBXGroup;
			children = (
				D97795B2287E9340003F9A45 /* LikeViewController.h */,
				D97795B3287E9340003F9A45 /* LikeViewController.m */,
				D97795B6287E936F003F9A45 /* LikeCell.h */,
				D97795B7287E936F003F9A45 /* LikeCell.m */,
			);
			path = "Like View";
			sourceTree = "<group>";
		};
		D9784FA62874B0D90056DD78 /* Detail View */ = {
			isa = PBXGroup;
			children = (
				D9784FAE287507150056DD78 /* DetailsViewController.h */,
				D9784FAF287507150056DD78 /* DetailsViewController.m */,
				D953928D287E327D00207CC6 /* CommentCell.h */,
				D953928E287E327D00207CC6 /* CommentCell.m */,
				D9F6FA672887EAFB009AF63A /* LongDetailsViewController.h */,
				D9F6FA682887EAFB009AF63A /* LongDetailsViewController.m */,
			);
			path = "Detail View";
			sourceTree = "<group>";
		};
		D9784FA72874B0F20056DD78 /* News */ = {
			isa = PBXGroup;
			children = (
				D91B185D2877B02B00FA423B /* NewsCell.h */,
				D91B185E2877B02B00FA423B /* NewsCell.m */,
				D91B185A28779E2E00FA423B /* NewsViewController.h */,
				D91B185B28779E2E00FA423B /* NewsViewController.m */,
				D93D12C42897321100610C9F /* NewsDetailsViewController.h */,
				D93D12C52897321100610C9F /* NewsDetailsViewController.m */,
			);
			path = News;
			sourceTree = "<group>";
		};
		D9784FB12875EE7E0056DD78 /* API */ = {
			isa = PBXGroup;
			children = (
				D9784FAB2874B5F90056DD78 /* APIManager.h */,
				D9784FAC2874B5F90056DD78 /* APIManager.m */,
			);
			path = API;
			sourceTree = "<group>";
		};
		E3BD99B36C5AE25D9714456D /* Frameworks */ = {
			isa = PBXGroup;
			children = (
				D98A9C3E28870E3D009D4C74 /* CoreLocation.framework */,
				D92D11C42880E663000BB730 /* MapKit.framework */,
				E7F7413D8AFD3D6D22A971FA /* Pods_Capstone.framework */,
				511C5CEE66DA1C120E7C5E58 /* Pods_Capstone_CapstoneUITests.framework */,
				ECC90A25362ACDC45A2D613D /* Pods_CapstoneTests.framework */,
			);
			name = Frameworks;
			sourceTree = "<group>";
		};
/* End PBXGroup section */

/* Begin PBXNativeTarget section */
		D945E1CD28718497005FFE04 /* Capstone */ = {
			isa = PBXNativeTarget;
			buildConfigurationList = D945E1FD28718498005FFE04 /* Build configuration list for PBXNativeTarget "Capstone" */;
			buildPhases = (
				C4EEDA0EAF36438F1CFE2246 /* [CP] Check Pods Manifest.lock */,
				D945E1CA28718497005FFE04 /* Sources */,
				D945E1CB28718497005FFE04 /* Frameworks */,
				D945E1CC28718497005FFE04 /* Resources */,
				1F5F63CF61C1575D4C6F66D3 /* [CP] Embed Pods Frameworks */,
			);
			buildRules = (
			);
			dependencies = (
			);
			name = Capstone;
			productName = Capstone;
			productReference = D945E1CE28718497005FFE04 /* Capstone.app */;
			productType = "com.apple.product-type.application";
		};
		D945E1E828718498005FFE04 /* CapstoneTests */ = {
			isa = PBXNativeTarget;
			buildConfigurationList = D945E20028718498005FFE04 /* Build configuration list for PBXNativeTarget "CapstoneTests" */;
			buildPhases = (
				8A81F802A1E44AD8568766B2 /* [CP] Check Pods Manifest.lock */,
				D945E1E528718498005FFE04 /* Sources */,
				D945E1E628718498005FFE04 /* Frameworks */,
				D945E1E728718498005FFE04 /* Resources */,
			);
			buildRules = (
			);
			dependencies = (
				D945E1EB28718498005FFE04 /* PBXTargetDependency */,
			);
			name = CapstoneTests;
			productName = CapstoneTests;
			productReference = D945E1E928718498005FFE04 /* CapstoneTests.xctest */;
			productType = "com.apple.product-type.bundle.unit-test";
		};
		D945E1F228718498005FFE04 /* CapstoneUITests */ = {
			isa = PBXNativeTarget;
			buildConfigurationList = D945E20328718498005FFE04 /* Build configuration list for PBXNativeTarget "CapstoneUITests" */;
			buildPhases = (
				DFE3CD24B51697FE6FECAC14 /* [CP] Check Pods Manifest.lock */,
				D945E1EF28718498005FFE04 /* Sources */,
				D945E1F028718498005FFE04 /* Frameworks */,
				D945E1F128718498005FFE04 /* Resources */,
				CAD5357E3EDEF1351C618527 /* [CP] Embed Pods Frameworks */,
			);
			buildRules = (
			);
			dependencies = (
				D945E1F528718498005FFE04 /* PBXTargetDependency */,
			);
			name = CapstoneUITests;
			productName = CapstoneUITests;
			productReference = D945E1F328718498005FFE04 /* CapstoneUITests.xctest */;
			productType = "com.apple.product-type.bundle.ui-testing";
		};
/* End PBXNativeTarget section */

/* Begin PBXProject section */
		D945E1C628718497005FFE04 /* Project object */ = {
			isa = PBXProject;
			attributes = {
				BuildIndependentTargetsInParallel = 1;
				LastUpgradeCheck = 1340;
				TargetAttributes = {
					D945E1CD28718497005FFE04 = {
						CreatedOnToolsVersion = 13.4.1;
					};
					D945E1E828718498005FFE04 = {
						CreatedOnToolsVersion = 13.4.1;
						TestTargetID = D945E1CD28718497005FFE04;
					};
					D945E1F228718498005FFE04 = {
						CreatedOnToolsVersion = 13.4.1;
						TestTargetID = D945E1CD28718497005FFE04;
					};
				};
			};
			buildConfigurationList = D945E1C928718497005FFE04 /* Build configuration list for PBXProject "Capstone" */;
			compatibilityVersion = "Xcode 13.0";
			developmentRegion = en;
			hasScannedForEncodings = 0;
			knownRegions = (
				en,
				Base,
			);
			mainGroup = D945E1C528718497005FFE04;
			productRefGroup = D945E1CF28718497005FFE04 /* Products */;
			projectDirPath = "";
			projectRoot = "";
			targets = (
				D945E1CD28718497005FFE04 /* Capstone */,
				D945E1E828718498005FFE04 /* CapstoneTests */,
				D945E1F228718498005FFE04 /* CapstoneUITests */,
			);
		};
/* End PBXProject section */

/* Begin PBXResourcesBuildPhase section */
		D945E1CC28718497005FFE04 /* Resources */ = {
			isa = PBXResourcesBuildPhase;
			buildActionMask = 2147483647;
			files = (
				D945E1E128718497005FFE04 /* LaunchScreen.storyboard in Resources */,
				D945E1DE28718497005FFE04 /* Assets.xcassets in Resources */,
				D945E1DC28718497005FFE04 /* Main.storyboard in Resources */,
			);
			runOnlyForDeploymentPostprocessing = 0;
		};
		D945E1E728718498005FFE04 /* Resources */ = {
			isa = PBXResourcesBuildPhase;
			buildActionMask = 2147483647;
			files = (
			);
			runOnlyForDeploymentPostprocessing = 0;
		};
		D945E1F128718498005FFE04 /* Resources */ = {
			isa = PBXResourcesBuildPhase;
			buildActionMask = 2147483647;
			files = (
			);
			runOnlyForDeploymentPostprocessing = 0;
		};
/* End PBXResourcesBuildPhase section */

/* Begin PBXShellScriptBuildPhase section */
		1F5F63CF61C1575D4C6F66D3 /* [CP] Embed Pods Frameworks */ = {
			isa = PBXShellScriptBuildPhase;
			buildActionMask = 2147483647;
			files = (
			);
			inputFileListPaths = (
				"${PODS_ROOT}/Target Support Files/Pods-Capstone/Pods-Capstone-frameworks-${CONFIGURATION}-input-files.xcfilelist",
			);
			name = "[CP] Embed Pods Frameworks";
			outputFileListPaths = (
				"${PODS_ROOT}/Target Support Files/Pods-Capstone/Pods-Capstone-frameworks-${CONFIGURATION}-output-files.xcfilelist",
			);
			runOnlyForDeploymentPostprocessing = 0;
			shellPath = /bin/sh;
			shellScript = "\"${PODS_ROOT}/Target Support Files/Pods-Capstone/Pods-Capstone-frameworks.sh\"\n";
			showEnvVarsInLog = 0;
		};
		8A81F802A1E44AD8568766B2 /* [CP] Check Pods Manifest.lock */ = {
			isa = PBXShellScriptBuildPhase;
			buildActionMask = 2147483647;
			files = (
			);
			inputFileListPaths = (
			);
			inputPaths = (
				"${PODS_PODFILE_DIR_PATH}/Podfile.lock",
				"${PODS_ROOT}/Manifest.lock",
			);
			name = "[CP] Check Pods Manifest.lock";
			outputFileListPaths = (
			);
			outputPaths = (
				"$(DERIVED_FILE_DIR)/Pods-CapstoneTests-checkManifestLockResult.txt",
			);
			runOnlyForDeploymentPostprocessing = 0;
			shellPath = /bin/sh;
			shellScript = "diff \"${PODS_PODFILE_DIR_PATH}/Podfile.lock\" \"${PODS_ROOT}/Manifest.lock\" > /dev/null\nif [ $? != 0 ] ; then\n    # print error to STDERR\n    echo \"error: The sandbox is not in sync with the Podfile.lock. Run 'pod install' or update your CocoaPods installation.\" >&2\n    exit 1\nfi\n# This output is used by Xcode 'outputs' to avoid re-running this script phase.\necho \"SUCCESS\" > \"${SCRIPT_OUTPUT_FILE_0}\"\n";
			showEnvVarsInLog = 0;
		};
		C4EEDA0EAF36438F1CFE2246 /* [CP] Check Pods Manifest.lock */ = {
			isa = PBXShellScriptBuildPhase;
			buildActionMask = 2147483647;
			files = (
			);
			inputFileListPaths = (
			);
			inputPaths = (
				"${PODS_PODFILE_DIR_PATH}/Podfile.lock",
				"${PODS_ROOT}/Manifest.lock",
			);
			name = "[CP] Check Pods Manifest.lock";
			outputFileListPaths = (
			);
			outputPaths = (
				"$(DERIVED_FILE_DIR)/Pods-Capstone-checkManifestLockResult.txt",
			);
			runOnlyForDeploymentPostprocessing = 0;
			shellPath = /bin/sh;
			shellScript = "diff \"${PODS_PODFILE_DIR_PATH}/Podfile.lock\" \"${PODS_ROOT}/Manifest.lock\" > /dev/null\nif [ $? != 0 ] ; then\n    # print error to STDERR\n    echo \"error: The sandbox is not in sync with the Podfile.lock. Run 'pod install' or update your CocoaPods installation.\" >&2\n    exit 1\nfi\n# This output is used by Xcode 'outputs' to avoid re-running this script phase.\necho \"SUCCESS\" > \"${SCRIPT_OUTPUT_FILE_0}\"\n";
			showEnvVarsInLog = 0;
		};
		CAD5357E3EDEF1351C618527 /* [CP] Embed Pods Frameworks */ = {
			isa = PBXShellScriptBuildPhase;
			buildActionMask = 2147483647;
			files = (
			);
			inputFileListPaths = (
				"${PODS_ROOT}/Target Support Files/Pods-Capstone-CapstoneUITests/Pods-Capstone-CapstoneUITests-frameworks-${CONFIGURATION}-input-files.xcfilelist",
			);
			name = "[CP] Embed Pods Frameworks";
			outputFileListPaths = (
				"${PODS_ROOT}/Target Support Files/Pods-Capstone-CapstoneUITests/Pods-Capstone-CapstoneUITests-frameworks-${CONFIGURATION}-output-files.xcfilelist",
			);
			runOnlyForDeploymentPostprocessing = 0;
			shellPath = /bin/sh;
			shellScript = "\"${PODS_ROOT}/Target Support Files/Pods-Capstone-CapstoneUITests/Pods-Capstone-CapstoneUITests-frameworks.sh\"\n";
			showEnvVarsInLog = 0;
		};
		DFE3CD24B51697FE6FECAC14 /* [CP] Check Pods Manifest.lock */ = {
			isa = PBXShellScriptBuildPhase;
			buildActionMask = 2147483647;
			files = (
			);
			inputFileListPaths = (
			);
			inputPaths = (
				"${PODS_PODFILE_DIR_PATH}/Podfile.lock",
				"${PODS_ROOT}/Manifest.lock",
			);
			name = "[CP] Check Pods Manifest.lock";
			outputFileListPaths = (
			);
			outputPaths = (
				"$(DERIVED_FILE_DIR)/Pods-Capstone-CapstoneUITests-checkManifestLockResult.txt",
			);
			runOnlyForDeploymentPostprocessing = 0;
			shellPath = /bin/sh;
			shellScript = "diff \"${PODS_PODFILE_DIR_PATH}/Podfile.lock\" \"${PODS_ROOT}/Manifest.lock\" > /dev/null\nif [ $? != 0 ] ; then\n    # print error to STDERR\n    echo \"error: The sandbox is not in sync with the Podfile.lock. Run 'pod install' or update your CocoaPods installation.\" >&2\n    exit 1\nfi\n# This output is used by Xcode 'outputs' to avoid re-running this script phase.\necho \"SUCCESS\" > \"${SCRIPT_OUTPUT_FILE_0}\"\n";
			showEnvVarsInLog = 0;
		};
/* End PBXShellScriptBuildPhase section */

/* Begin PBXSourcesBuildPhase section */
		D945E1CA28718497005FFE04 /* Sources */ = {
			isa = PBXSourcesBuildPhase;
			buildActionMask = 2147483647;
			files = (
				D95891DE289886C100D6E5D4 /* Translate.m in Sources */,
				D93D12C62897321100610C9F /* NewsDetailsViewController.m in Sources */,
				D97A1FAC287B8609004B8893 /* CollegeNews.m in Sources */,
				D953928F287E327D00207CC6 /* CommentCell.m in Sources */,
				D97795B4287E9340003F9A45 /* LikeViewController.m in Sources */,
				D92D11C9288119D9000BB730 /* AutocorrectFunctions.m in Sources */,
				D945E1D328718497005FFE04 /* AppDelegate.m in Sources */,
				D9784FB0287507150056DD78 /* DetailsViewController.m in Sources */,
				D9F6FA6C2889EDBE009AF63A /* Comment.m in Sources */,
				D9900A8E288B513000BFFB20 /* ParseCollege.m in Sources */,
				D9539283287CC1E800207CC6 /* MatchCell.m in Sources */,
				D91B18552877944500FA423B /* College.m in Sources */,
				D945E1E428718497005FFE04 /* main.m in Sources */,
				D9F6FA692887EAFB009AF63A /* LongDetailsViewController.m in Sources */,
				D9784FAA2874B1190056DD78 /* HomeCell.m in Sources */,
				D945E1D628718497005FFE04 /* SceneDelegate.m in Sources */,
				D91B185C28779E2E00FA423B /* NewsViewController.m in Sources */,
				D97A1FAF287BC277004B8893 /* MatchViewController.m in Sources */,
				D945E20D287188F6005FFE04 /* AccountViewController.m in Sources */,
				D9784FAD2874B5F90056DD78 /* APIManager.m in Sources */,
				D97795B8287E936F003F9A45 /* LikeCell.m in Sources */,
				D91B185F2877B02B00FA423B /* NewsCell.m in Sources */,
				D9539289287E181A00207CC6 /* SettingsTableViewController.m in Sources */,
				D945E20A287188C7005FFE04 /* LoginViewController.m in Sources */,
				D94C5B872872B2E800BE7FDD /* RegistrationViewController.m in Sources */,
				D9784FA3287404C90056DD78 /* HomeViewController.m in Sources */,
			);
			runOnlyForDeploymentPostprocessing = 0;
		};
		D945E1E528718498005FFE04 /* Sources */ = {
			isa = PBXSourcesBuildPhase;
			buildActionMask = 2147483647;
			files = (
				D945E1EE28718498005FFE04 /* CapstoneTests.m in Sources */,
			);
			runOnlyForDeploymentPostprocessing = 0;
		};
		D945E1EF28718498005FFE04 /* Sources */ = {
			isa = PBXSourcesBuildPhase;
			buildActionMask = 2147483647;
			files = (
				D945E1F828718498005FFE04 /* CapstoneUITests.m in Sources */,
				D945E1FA28718498005FFE04 /* CapstoneUITestsLaunchTests.m in Sources */,
			);
			runOnlyForDeploymentPostprocessing = 0;
		};
/* End PBXSourcesBuildPhase section */

/* Begin PBXTargetDependency section */
		D945E1EB28718498005FFE04 /* PBXTargetDependency */ = {
			isa = PBXTargetDependency;
			target = D945E1CD28718497005FFE04 /* Capstone */;
			targetProxy = D945E1EA28718498005FFE04 /* PBXContainerItemProxy */;
		};
		D945E1F528718498005FFE04 /* PBXTargetDependency */ = {
			isa = PBXTargetDependency;
			target = D945E1CD28718497005FFE04 /* Capstone */;
			targetProxy = D945E1F428718498005FFE04 /* PBXContainerItemProxy */;
		};
/* End PBXTargetDependency section */

/* Begin PBXVariantGroup section */
		D945E1DA28718497005FFE04 /* Main.storyboard */ = {
			isa = PBXVariantGroup;
			children = (
				D945E1DB28718497005FFE04 /* Base */,
			);
			name = Main.storyboard;
			sourceTree = "<group>";
		};
		D945E1DF28718497005FFE04 /* LaunchScreen.storyboard */ = {
			isa = PBXVariantGroup;
			children = (
				D945E1E028718497005FFE04 /* Base */,
			);
			name = LaunchScreen.storyboard;
			sourceTree = "<group>";
		};
/* End PBXVariantGroup section */

/* Begin XCBuildConfiguration section */
		D945E1FB28718498005FFE04 /* Debug */ = {
			isa = XCBuildConfiguration;
			buildSettings = {
				ALWAYS_SEARCH_USER_PATHS = NO;
				CLANG_ANALYZER_NONNULL = YES;
				CLANG_ANALYZER_NUMBER_OBJECT_CONVERSION = YES_AGGRESSIVE;
				CLANG_CXX_LANGUAGE_STANDARD = "gnu++17";
				CLANG_ENABLE_MODULES = YES;
				CLANG_ENABLE_OBJC_ARC = YES;
				CLANG_ENABLE_OBJC_WEAK = YES;
				CLANG_WARN_BLOCK_CAPTURE_AUTORELEASING = YES;
				CLANG_WARN_BOOL_CONVERSION = YES;
				CLANG_WARN_COMMA = YES;
				CLANG_WARN_CONSTANT_CONVERSION = YES;
				CLANG_WARN_DEPRECATED_OBJC_IMPLEMENTATIONS = YES;
				CLANG_WARN_DIRECT_OBJC_ISA_USAGE = YES_ERROR;
				CLANG_WARN_DOCUMENTATION_COMMENTS = YES;
				CLANG_WARN_EMPTY_BODY = YES;
				CLANG_WARN_ENUM_CONVERSION = YES;
				CLANG_WARN_INFINITE_RECURSION = YES;
				CLANG_WARN_INT_CONVERSION = YES;
				CLANG_WARN_NON_LITERAL_NULL_CONVERSION = YES;
				CLANG_WARN_OBJC_IMPLICIT_RETAIN_SELF = YES;
				CLANG_WARN_OBJC_LITERAL_CONVERSION = YES;
				CLANG_WARN_OBJC_ROOT_CLASS = YES_ERROR;
				CLANG_WARN_QUOTED_INCLUDE_IN_FRAMEWORK_HEADER = YES;
				CLANG_WARN_RANGE_LOOP_ANALYSIS = YES;
				CLANG_WARN_STRICT_PROTOTYPES = YES;
				CLANG_WARN_SUSPICIOUS_MOVE = YES;
				CLANG_WARN_UNGUARDED_AVAILABILITY = YES_AGGRESSIVE;
				CLANG_WARN_UNREACHABLE_CODE = YES;
				CLANG_WARN__DUPLICATE_METHOD_MATCH = YES;
				COPY_PHASE_STRIP = NO;
				DEBUG_INFORMATION_FORMAT = dwarf;
				ENABLE_STRICT_OBJC_MSGSEND = YES;
				ENABLE_TESTABILITY = YES;
				GCC_C_LANGUAGE_STANDARD = gnu11;
				GCC_DYNAMIC_NO_PIC = NO;
				GCC_NO_COMMON_BLOCKS = YES;
				GCC_OPTIMIZATION_LEVEL = 0;
				GCC_PREPROCESSOR_DEFINITIONS = (
					"DEBUG=1",
					"$(inherited)",
				);
				GCC_WARN_64_TO_32_BIT_CONVERSION = YES;
				GCC_WARN_ABOUT_RETURN_TYPE = YES_ERROR;
				GCC_WARN_UNDECLARED_SELECTOR = YES;
				GCC_WARN_UNINITIALIZED_AUTOS = YES_AGGRESSIVE;
				GCC_WARN_UNUSED_FUNCTION = YES;
				GCC_WARN_UNUSED_VARIABLE = YES;
				IPHONEOS_DEPLOYMENT_TARGET = 15.5;
				MTL_ENABLE_DEBUG_INFO = INCLUDE_SOURCE;
				MTL_FAST_MATH = YES;
				ONLY_ACTIVE_ARCH = YES;
				SDKROOT = iphoneos;
			};
			name = Debug;
		};
		D945E1FC28718498005FFE04 /* Release */ = {
			isa = XCBuildConfiguration;
			buildSettings = {
				ALWAYS_SEARCH_USER_PATHS = NO;
				CLANG_ANALYZER_NONNULL = YES;
				CLANG_ANALYZER_NUMBER_OBJECT_CONVERSION = YES_AGGRESSIVE;
				CLANG_CXX_LANGUAGE_STANDARD = "gnu++17";
				CLANG_ENABLE_MODULES = YES;
				CLANG_ENABLE_OBJC_ARC = YES;
				CLANG_ENABLE_OBJC_WEAK = YES;
				CLANG_WARN_BLOCK_CAPTURE_AUTORELEASING = YES;
				CLANG_WARN_BOOL_CONVERSION = YES;
				CLANG_WARN_COMMA = YES;
				CLANG_WARN_CONSTANT_CONVERSION = YES;
				CLANG_WARN_DEPRECATED_OBJC_IMPLEMENTATIONS = YES;
				CLANG_WARN_DIRECT_OBJC_ISA_USAGE = YES_ERROR;
				CLANG_WARN_DOCUMENTATION_COMMENTS = YES;
				CLANG_WARN_EMPTY_BODY = YES;
				CLANG_WARN_ENUM_CONVERSION = YES;
				CLANG_WARN_INFINITE_RECURSION = YES;
				CLANG_WARN_INT_CONVERSION = YES;
				CLANG_WARN_NON_LITERAL_NULL_CONVERSION = YES;
				CLANG_WARN_OBJC_IMPLICIT_RETAIN_SELF = YES;
				CLANG_WARN_OBJC_LITERAL_CONVERSION = YES;
				CLANG_WARN_OBJC_ROOT_CLASS = YES_ERROR;
				CLANG_WARN_QUOTED_INCLUDE_IN_FRAMEWORK_HEADER = YES;
				CLANG_WARN_RANGE_LOOP_ANALYSIS = YES;
				CLANG_WARN_STRICT_PROTOTYPES = YES;
				CLANG_WARN_SUSPICIOUS_MOVE = YES;
				CLANG_WARN_UNGUARDED_AVAILABILITY = YES_AGGRESSIVE;
				CLANG_WARN_UNREACHABLE_CODE = YES;
				CLANG_WARN__DUPLICATE_METHOD_MATCH = YES;
				COPY_PHASE_STRIP = NO;
				DEBUG_INFORMATION_FORMAT = "dwarf-with-dsym";
				ENABLE_NS_ASSERTIONS = NO;
				ENABLE_STRICT_OBJC_MSGSEND = YES;
				GCC_C_LANGUAGE_STANDARD = gnu11;
				GCC_NO_COMMON_BLOCKS = YES;
				GCC_WARN_64_TO_32_BIT_CONVERSION = YES;
				GCC_WARN_ABOUT_RETURN_TYPE = YES_ERROR;
				GCC_WARN_UNDECLARED_SELECTOR = YES;
				GCC_WARN_UNINITIALIZED_AUTOS = YES_AGGRESSIVE;
				GCC_WARN_UNUSED_FUNCTION = YES;
				GCC_WARN_UNUSED_VARIABLE = YES;
				IPHONEOS_DEPLOYMENT_TARGET = 15.5;
				MTL_ENABLE_DEBUG_INFO = NO;
				MTL_FAST_MATH = YES;
				SDKROOT = iphoneos;
				VALIDATE_PRODUCT = YES;
			};
			name = Release;
		};
		D945E1FE28718498005FFE04 /* Debug */ = {
			isa = XCBuildConfiguration;
			baseConfigurationReference = 752E8D0A5BA7DA688A2A342D /* Pods-Capstone.debug.xcconfig */;
			buildSettings = {
				ASSETCATALOG_COMPILER_APPICON_NAME = AppIcon;
				ASSETCATALOG_COMPILER_GLOBAL_ACCENT_COLOR_NAME = AccentColor;
				CODE_SIGN_STYLE = Automatic;
				CURRENT_PROJECT_VERSION = 1;
				DEVELOPMENT_TEAM = 8P98385QWU;
				GENERATE_INFOPLIST_FILE = YES;
				INFOPLIST_FILE = Capstone/Info.plist;
				INFOPLIST_KEY_NSCameraUsageDescription = "Need camera access to take pictures";
				INFOPLIST_KEY_NSLocationAlwaysUsageDescription = "Application wants to use your location";
				INFOPLIST_KEY_NSLocationWhenInUseUsageDescription = "Application wants to use your location";
				INFOPLIST_KEY_NSPhotoLibraryUsageDescription = "Need library access to upload images";
				INFOPLIST_KEY_UIApplicationSupportsIndirectInputEvents = YES;
				INFOPLIST_KEY_UILaunchStoryboardName = LaunchScreen;
				INFOPLIST_KEY_UIMainStoryboardFile = Main;
				INFOPLIST_KEY_UISupportedInterfaceOrientations_iPad = "UIInterfaceOrientationPortrait UIInterfaceOrientationPortraitUpsideDown UIInterfaceOrientationLandscapeLeft UIInterfaceOrientationLandscapeRight";
				INFOPLIST_KEY_UISupportedInterfaceOrientations_iPhone = "UIInterfaceOrientationPortrait UIInterfaceOrientationLandscapeLeft UIInterfaceOrientationLandscapeRight";
				LD_RUNPATH_SEARCH_PATHS = (
					"$(inherited)",
					"@executable_path/Frameworks",
				);
				MARKETING_VERSION = 1.0;
				PRODUCT_BUNDLE_IDENTIFIER = com.AbelKel.Capstone;
				PRODUCT_NAME = "$(TARGET_NAME)";
				SWIFT_EMIT_LOC_STRINGS = YES;
				TARGETED_DEVICE_FAMILY = "1,2";
			};
			name = Debug;
		};
		D945E1FF28718498005FFE04 /* Release */ = {
			isa = XCBuildConfiguration;
			baseConfigurationReference = 71F99B8253DCEE786DD95960 /* Pods-Capstone.release.xcconfig */;
			buildSettings = {
				ASSETCATALOG_COMPILER_APPICON_NAME = AppIcon;
				ASSETCATALOG_COMPILER_GLOBAL_ACCENT_COLOR_NAME = AccentColor;
				CODE_SIGN_STYLE = Automatic;
				CURRENT_PROJECT_VERSION = 1;
				DEVELOPMENT_TEAM = 8P98385QWU;
				GENERATE_INFOPLIST_FILE = YES;
				INFOPLIST_FILE = Capstone/Info.plist;
				INFOPLIST_KEY_NSCameraUsageDescription = "Need camera access to take pictures";
				INFOPLIST_KEY_NSLocationAlwaysUsageDescription = "Application wants to use your location";
				INFOPLIST_KEY_NSLocationWhenInUseUsageDescription = "Application wants to use your location";
				INFOPLIST_KEY_NSPhotoLibraryUsageDescription = "Need library access to upload images";
				INFOPLIST_KEY_UIApplicationSupportsIndirectInputEvents = YES;
				INFOPLIST_KEY_UILaunchStoryboardName = LaunchScreen;
				INFOPLIST_KEY_UIMainStoryboardFile = Main;
				INFOPLIST_KEY_UISupportedInterfaceOrientations_iPad = "UIInterfaceOrientationPortrait UIInterfaceOrientationPortraitUpsideDown UIInterfaceOrientationLandscapeLeft UIInterfaceOrientationLandscapeRight";
				INFOPLIST_KEY_UISupportedInterfaceOrientations_iPhone = "UIInterfaceOrientationPortrait UIInterfaceOrientationLandscapeLeft UIInterfaceOrientationLandscapeRight";
				LD_RUNPATH_SEARCH_PATHS = (
					"$(inherited)",
					"@executable_path/Frameworks",
				);
				MARKETING_VERSION = 1.0;
				PRODUCT_BUNDLE_IDENTIFIER = com.AbelKel.Capstone;
				PRODUCT_NAME = "$(TARGET_NAME)";
				SWIFT_EMIT_LOC_STRINGS = YES;
				TARGETED_DEVICE_FAMILY = "1,2";
			};
			name = Release;
		};
		D945E20128718498005FFE04 /* Debug */ = {
			isa = XCBuildConfiguration;
			baseConfigurationReference = 38D1007E0FDD9A17635C488A /* Pods-CapstoneTests.debug.xcconfig */;
			buildSettings = {
				BUNDLE_LOADER = "$(TEST_HOST)";
				CODE_SIGN_STYLE = Automatic;
				CURRENT_PROJECT_VERSION = 1;
				DEVELOPMENT_TEAM = 8P98385QWU;
				GENERATE_INFOPLIST_FILE = YES;
				IPHONEOS_DEPLOYMENT_TARGET = 15.5;
				MARKETING_VERSION = 1.0;
				PRODUCT_BUNDLE_IDENTIFIER = com.AbelKel.CapstoneTests;
				PRODUCT_NAME = "$(TARGET_NAME)";
				SWIFT_EMIT_LOC_STRINGS = NO;
				TARGETED_DEVICE_FAMILY = "1,2";
				TEST_HOST = "$(BUILT_PRODUCTS_DIR)/Capstone.app/Capstone";
			};
			name = Debug;
		};
		D945E20228718498005FFE04 /* Release */ = {
			isa = XCBuildConfiguration;
			baseConfigurationReference = B06969A7ABDB31DB5CD1D963 /* Pods-CapstoneTests.release.xcconfig */;
			buildSettings = {
				BUNDLE_LOADER = "$(TEST_HOST)";
				CODE_SIGN_STYLE = Automatic;
				CURRENT_PROJECT_VERSION = 1;
				DEVELOPMENT_TEAM = 8P98385QWU;
				GENERATE_INFOPLIST_FILE = YES;
				IPHONEOS_DEPLOYMENT_TARGET = 15.5;
				MARKETING_VERSION = 1.0;
				PRODUCT_BUNDLE_IDENTIFIER = com.AbelKel.CapstoneTests;
				PRODUCT_NAME = "$(TARGET_NAME)";
				SWIFT_EMIT_LOC_STRINGS = NO;
				TARGETED_DEVICE_FAMILY = "1,2";
				TEST_HOST = "$(BUILT_PRODUCTS_DIR)/Capstone.app/Capstone";
			};
			name = Release;
		};
		D945E20428718498005FFE04 /* Debug */ = {
			isa = XCBuildConfiguration;
			baseConfigurationReference = 9786EA9C0FA224742E8EDC36 /* Pods-Capstone-CapstoneUITests.debug.xcconfig */;
			buildSettings = {
				CODE_SIGN_STYLE = Automatic;
				CURRENT_PROJECT_VERSION = 1;
				DEVELOPMENT_TEAM = 8P98385QWU;
				GENERATE_INFOPLIST_FILE = YES;
				MARKETING_VERSION = 1.0;
				PRODUCT_BUNDLE_IDENTIFIER = com.AbelKel.CapstoneUITests;
				PRODUCT_NAME = "$(TARGET_NAME)";
				SWIFT_EMIT_LOC_STRINGS = NO;
				TARGETED_DEVICE_FAMILY = "1,2";
				TEST_TARGET_NAME = Capstone;
			};
			name = Debug;
		};
		D945E20528718498005FFE04 /* Release */ = {
			isa = XCBuildConfiguration;
			baseConfigurationReference = F72102A915011E4B317643EB /* Pods-Capstone-CapstoneUITests.release.xcconfig */;
			buildSettings = {
				CODE_SIGN_STYLE = Automatic;
				CURRENT_PROJECT_VERSION = 1;
				DEVELOPMENT_TEAM = 8P98385QWU;
				GENERATE_INFOPLIST_FILE = YES;
				MARKETING_VERSION = 1.0;
				PRODUCT_BUNDLE_IDENTIFIER = com.AbelKel.CapstoneUITests;
				PRODUCT_NAME = "$(TARGET_NAME)";
				SWIFT_EMIT_LOC_STRINGS = NO;
				TARGETED_DEVICE_FAMILY = "1,2";
				TEST_TARGET_NAME = Capstone;
			};
			name = Release;
		};
/* End XCBuildConfiguration section */

/* Begin XCConfigurationList section */
		D945E1C928718497005FFE04 /* Build configuration list for PBXProject "Capstone" */ = {
			isa = XCConfigurationList;
			buildConfigurations = (
				D945E1FB28718498005FFE04 /* Debug */,
				D945E1FC28718498005FFE04 /* Release */,
			);
			defaultConfigurationIsVisible = 0;
			defaultConfigurationName = Release;
		};
		D945E1FD28718498005FFE04 /* Build configuration list for PBXNativeTarget "Capstone" */ = {
			isa = XCConfigurationList;
			buildConfigurations = (
				D945E1FE28718498005FFE04 /* Debug */,
				D945E1FF28718498005FFE04 /* Release */,
			);
			defaultConfigurationIsVisible = 0;
			defaultConfigurationName = Release;
		};
		D945E20028718498005FFE04 /* Build configuration list for PBXNativeTarget "CapstoneTests" */ = {
			isa = XCConfigurationList;
			buildConfigurations = (
				D945E20128718498005FFE04 /* Debug */,
				D945E20228718498005FFE04 /* Release */,
			);
			defaultConfigurationIsVisible = 0;
			defaultConfigurationName = Release;
		};
		D945E20328718498005FFE04 /* Build configuration list for PBXNativeTarget "CapstoneUITests" */ = {
			isa = XCConfigurationList;
			buildConfigurations = (
				D945E20428718498005FFE04 /* Debug */,
				D945E20528718498005FFE04 /* Release */,
			);
			defaultConfigurationIsVisible = 0;
			defaultConfigurationName = Release;
		};
/* End XCConfigurationList section */
	};
	rootObject = D945E1C628718497005FFE04 /* Project object */;
}
